
Microsoft Visual Studio Solution File, Format Version 12.00
# Visual Studio Version 17
VisualStudioVersion = 17.12.35527.113
MinimumVisualStudioVersion = 10.0.40219.1
Project("{FAE04EC0-301F-11D3-BF4B-00C04F79EFBC}") = "GenshinCalcWriterApp", "GenshinCalcWriterApp\GenshinCalcWriterApp.csproj", "{27B30288-22E0-4BB3-926B-1F11451BF7BB}"
EndProject
Project("{FAE04EC0-301F-11D3-BF4B-00C04F79EFBC}") = "CalcViewer", "CalcViewer\CalcViewer.csproj", "{B52098E0-928E-47CB-A667-95CAA6676B84}"
EndProject
Project("{FAE04EC0-301F-11D3-BF4B-00C04F79EFBC}") = "GenshinTeamCalc", "..\GenshinCalcWriter\GenshinCalcWriter\GenshinTeamCalc.csproj", "{AB259D99-E44C-477E-999D-7615ABA81CC8}"
EndProject
Global
	GlobalSection(SolutionConfigurationPlatforms) = preSolution
		Debug|Any CPU = Debug|Any CPU
		Release|Any CPU = Release|Any CPU
	EndGlobalSection
	GlobalSection(ProjectConfigurationPlatforms) = postSolution
		{27B30288-22E0-4BB3-926B-1F11451BF7BB}.Debug|Any CPU.ActiveCfg = Debug|Any CPU
		{27B30288-22E0-4BB3-926B-1F11451BF7BB}.Debug|Any CPU.Build.0 = Debug|Any CPU
		{27B30288-22E0-4BB3-926B-1F11451BF7BB}.Debug|Any CPU.Deploy.0 = Debug|Any CPU
		{27B30288-22E0-4BB3-926B-1F11451BF7BB}.Release|Any CPU.ActiveCfg = Release|Any CPU
		{27B30288-22E0-4BB3-926B-1F11451BF7BB}.Release|Any CPU.Build.0 = Release|Any CPU
		{27B30288-22E0-4BB3-926B-1F11451BF7BB}.Release|Any CPU.Deploy.0 = Release|Any CPU
		{B52098E0-928E-47CB-A667-95CAA6676B84}.Debug|Any CPU.ActiveCfg = Debug|Any CPU
		{B52098E0-928E-47CB-A667-95CAA6676B84}.Debug|Any CPU.Build.0 = Debug|Any CPU
		{B52098E0-928E-47CB-A667-95CAA6676B84}.Release|Any CPU.ActiveCfg = Release|Any CPU
		{B52098E0-928E-47CB-A667-95CAA6676B84}.Release|Any CPU.Build.0 = Release|Any CPU
		{AB259D99-E44C-477E-999D-7615ABA81CC8}.Debug|Any CPU.ActiveCfg = Debug|Any CPU
		{AB259D99-E44C-477E-999D-7615ABA81CC8}.Debug|Any CPU.Build.0 = Debug|Any CPU
		{AB259D99-E44C-477E-999D-7615ABA81CC8}.Release|Any CPU.ActiveCfg = Release|Any CPU
		{AB259D99-E44C-477E-999D-7615ABA81CC8}.Release|Any CPU.Build.0 = Release|Any CPU
	EndGlobalSection
	GlobalSection(SolutionProperties) = preSolution
		HideSolutionNode = FALSE
	EndGlobalSection
EndGlobal
